<?xml version="1.0" encoding="utf-8"?>
<Project ToolsVersion="4.0" xmlns="http://schemas.microsoft.com/developer/msbuild/2003">
  <ItemGroup>
    <Filter Include="Source Files">
      <UniqueIdentifier>{4FC737F1-C7A5-4376-A066-2A32D752A2FF}</UniqueIdentifier>
      <Extensions>cpp;c;cc;cxx;def;odl;idl;hpj;bat;asm;asmx</Extensions>
    </Filter>
    <Filter Include="Header Files">
      <UniqueIdentifier>{93995380-89BD-4b04-88EB-625FBE52EBFB}</UniqueIdentifier>
      <Extensions>h;hh;hpp;hxx;hm;inl;inc;ipp;xsd</Extensions>
    </Filter>
    <Filter Include="Resource Files">
      <UniqueIdentifier>{67DA6AB6-F800-4c08-8B7A-83BB121AAD01}</UniqueIdentifier>
      <Extensions>rc;ico;cur;bmp;dlg;rc2;rct;bin;rgs;gif;jpg;jpeg;jpe;resx;tiff;tif;png;wav;mfcribbon-ms</Extensions>
    </Filter>
  </ItemGroup>
  <ItemGroup>
    <ClInclude Include="Content\Engine\Core\EngineSetup.h">
      <Filter>Header Files</Filter>
    </ClInclude>
    <ClInclude Include="Content\Engine\World\World.h">
      <Filter>Header Files</Filter>
    </ClInclude>
    <ClInclude Include="Content\Engine\Math\DataTypes\Vector.h">
      <Filter>Header Files</Filter>
    </ClInclude>
    <ClInclude Include="Content\Engine\Math\MathStatics.h">
      <Filter>Header Files</Filter>
    </ClInclude>
    <ClInclude Include="Content\Engine\Math\MathValues.h">
      <Filter>Header Files</Filter>
    </ClInclude>
    <ClInclude Include="Content\Engine\Math\DataTypes\Transform.h">
      <Filter>Header Files</Filter>
    </ClInclude>
    <ClInclude Include="Content\Engine\Math\DataTypes\Quaternion.h">
      <Filter>Header Files</Filter>
    </ClInclude>
    <ClInclude Include="Content\Engine\Math\DataTypes\Matrix.h">
      <Filter>Header Files</Filter>
    </ClInclude>
    <ClInclude Include="Content\Engine\Math\Containers\Colour.h">
      <Filter>Header Files</Filter>
    </ClInclude>
    <ClInclude Include="Content\Engine\Math\DataTypes\Vertex.h">
      <Filter>Header Files</Filter>
    </ClInclude>
    <ClInclude Include="Content\Engine\World\Objects\ObjectBase.h">
      <Filter>Header Files</Filter>
    </ClInclude>
    <ClInclude Include="Content\Engine\World\Objects\WorldObject.h">
      <Filter>Header Files</Filter>
    </ClInclude>
    <ClInclude Include="Content\Engine\Math\Math.h">
      <Filter>Header Files</Filter>
    </ClInclude>
    <ClInclude Include="Content\Engine\Font\Font.h">
      <Filter>Header Files</Filter>
    </ClInclude>
    <ClInclude Include="Content\Engine\World\ObjectPool.h">
      <Filter>Header Files</Filter>
    </ClInclude>
    <ClInclude Include="Content\Engine\Core\Systems\TimerManager.h">
      <Filter>Header Files</Filter>
    </ClInclude>
    <ClInclude Include="Content\Engine\Core\Systems\Time.h">
      <Filter>Header Files</Filter>
    </ClInclude>
    <ClInclude Include="Content\Engine\World\Level.h">
      <Filter>Header Files</Filter>
    </ClInclude>
    <ClInclude Include="Content\Engine\Math\Physics\Physics.h">
      <Filter>Header Files</Filter>
    </ClInclude>
    <ClInclude Include="Content\Engine\Math\Physics\Collider.h">
      <Filter>Header Files</Filter>
    </ClInclude>
    <ClInclude Include="Content\Engine\Math\Physics\Primitives\BoxCollider.h">
      <Filter>Header Files</Filter>
    </ClInclude>
    <ClInclude Include="Content\Engine\Math\Physics\Primitives\CapsuleCollider.h">
      <Filter>Header Files</Filter>
    </ClInclude>
    <ClInclude Include="Content\Engine\Math\Physics\Primitives\PolygonCollider.h">
      <Filter>Header Files</Filter>
    </ClInclude>
    <ClInclude Include="Content\Engine\Math\Physics\Primitives\SphereCollider.h">
      <Filter>Header Files</Filter>
    </ClInclude>
    <ClInclude Include="Content\Engine\Math\Physics\Primitives\CylinderCollider.h">
      <Filter>Header Files</Filter>
    </ClInclude>
    <ClInclude Include="Content\Engine\Math\Physics\RigidBody.h">
      <Filter>Header Files</Filter>
    </ClInclude>
    <ClInclude Include="Content\Engine\Components\Component.h">
      <Filter>Header Files</Filter>
    </ClInclude>
    <ClInclude Include="Content\Engine\Components\CharacterComponent.h">
      <Filter>Header Files</Filter>
    </ClInclude>
    <ClInclude Include="Content\Engine\Components\Colliders\BoxComponent.h">
      <Filter>Header Files</Filter>
    </ClInclude>
    <ClInclude Include="Content\Engine\Components\Colliders\SphereComponent.h">
      <Filter>Header Files</Filter>
    </ClInclude>
    <ClInclude Include="Content\Engine\Components\Colliders\CylinderComponent.h">
      <Filter>Header Files</Filter>
    </ClInclude>
    <ClInclude Include="Content\Engine\Components\Colliders\CapsuleComponent.h">
      <Filter>Header Files</Filter>
    </ClInclude>
    <ClInclude Include="Content\Engine\Components\Colliders\PolygonComponent.h">
      <Filter>Header Files</Filter>
    </ClInclude>
    <ClInclude Include="Content\Engine\World\Objects\Puppet.h">
      <Filter>Header Files</Filter>
    </ClInclude>
    <ClInclude Include="Content\Engine\World\Objects\Character.h">
      <Filter>Header Files</Filter>
    </ClInclude>
    <ClInclude Include="Content\Engine\Graphics\Renderer.h">
      <Filter>Header Files</Filter>
    </ClInclude>
    <ClInclude Include="Content\Engine\Graphics\Meshes\StaticMesh.h">
      <Filter>Header Files</Filter>
    </ClInclude>
    <ClInclude Include="Content\Engine\Graphics\DirectXSetup.h">
      <Filter>Header Files</Filter>
    </ClInclude>
    <ClInclude Include="Content\Engine\Graphics\Window.h">
      <Filter>Header Files</Filter>
    </ClInclude>
    <ClInclude Include="Content\Engine\Graphics\Meshes\Primitives\Cube.h">
      <Filter>Header Files</Filter>
    </ClInclude>
    <ClInclude Include="Content\Engine\World\Objects\Testing\TestObject.h">
      <Filter>Header Files</Filter>
    </ClInclude>
    <ClInclude Include="Content\Engine\Graphics\Camera.h">
      <Filter>Header Files</Filter>
    </ClInclude>
    <ClInclude Include="Content\Engine\Core\Systems\InputManager.h">
      <Filter>Header Files</Filter>
    </ClInclude>
    <ClInclude Include="Content\Engine\World\Objects\Testing\TestPlayer.h">
      <Filter>Header Files</Filter>
    </ClInclude>
    <ClInclude Include="Content\Engine\Graphics\Lighting\DirectionalLight.h">
      <Filter>Header Files</Filter>
    </ClInclude>
    <ClInclude Include="Content\Engine\Graphics\Lighting\LightBase.h">
      <Filter>Header Files</Filter>
    </ClInclude>
    <ClInclude Include="Content\Engine\Core\Systems\FileManager.h">
      <Filter>Header Files</Filter>
    </ClInclude>
    <ClInclude Include="Content\Engine\Components\Graphics\Camera\CameraComponent.h">
      <Filter>Header Files</Filter>
    </ClInclude>
    <ClInclude Include="Content\Engine\Components\Graphics\Lighting\DirectionalLightComponent.h">
      <Filter>Header Files</Filter>
    </ClInclude>
    <ClInclude Include="Content\Engine\Components\Graphics\Meshes\StaticMeshComponent.h">
      <Filter>Header Files</Filter>
    </ClInclude>
  </ItemGroup>
  <ItemGroup>
    <ClCompile Include="Content\Engine\Core\Source.cpp">
      <Filter>Source Files</Filter>
    </ClCompile>
    <ClCompile Include="Content\Engine\Core\EngineSetup.cpp">
      <Filter>Source Files</Filter>
    </ClCompile>
    <ClCompile Include="Content\Engine\World\World.cpp">
      <Filter>Source Files</Filter>
    </ClCompile>
    <ClCompile Include="Content\Engine\Math\MathStatics.cpp">
      <Filter>Source Files</Filter>
    </ClCompile>
    <ClCompile Include="Content\Engine\Math\DataTypes\Transform.cpp">
      <Filter>Source Files</Filter>
    </ClCompile>
    <ClCompile Include="Content\Engine\Math\DataTypes\Quaternion.cpp">
      <Filter>Source Files</Filter>
    </ClCompile>
    <ClCompile Include="Content\Engine\World\Objects\ObectBase.cpp">
      <Filter>Source Files</Filter>
    </ClCompile>
    <ClCompile Include="Content\Engine\World\Objects\WorldObject.cpp">
      <Filter>Source Files</Filter>
    </ClCompile>
    <ClCompile Include="Content\Engine\Font\Font.cpp">
      <Filter>Source Files</Filter>
    </ClCompile>
    <ClCompile Include="Content\Engine\World\ObjectPool.cpp">
      <Filter>Source Files</Filter>
    </ClCompile>
    <ClCompile Include="Content\Engine\Core\Systems\TimerManager.cpp">
      <Filter>Source Files</Filter>
    </ClCompile>
    <ClCompile Include="Content\Engine\Core\Systems\Time.cpp">
      <Filter>Source Files</Filter>
    </ClCompile>
    <ClCompile Include="Content\Engine\World\Level.cpp">
      <Filter>Source Files</Filter>
    </ClCompile>
    <ClCompile Include="Content\Engine\Math\Physics\Physics.cpp">
      <Filter>Source Files</Filter>
    </ClCompile>
    <ClCompile Include="Content\Engine\Math\Physics\Collider.cpp">
      <Filter>Source Files</Filter>
    </ClCompile>
    <ClCompile Include="Content\Engine\Math\Physics\Primitives\BoxCollider.cpp">
      <Filter>Source Files</Filter>
    </ClCompile>
    <ClCompile Include="Content\Engine\Math\Physics\Primitives\CapsuleCollider.cpp">
      <Filter>Source Files</Filter>
    </ClCompile>
    <ClCompile Include="Content\Engine\Math\Physics\Primitives\PolygonCollider.cpp">
      <Filter>Source Files</Filter>
    </ClCompile>
    <ClCompile Include="Content\Engine\Math\Physics\Primitives\SphereCollider.cpp">
      <Filter>Source Files</Filter>
    </ClCompile>
    <ClCompile Include="Content\Engine\Math\Physics\Primitives\CylinderCollider.cpp">
      <Filter>Source Files</Filter>
    </ClCompile>
    <ClCompile Include="Content\Engine\Math\Physics\RigidBody.cpp">
      <Filter>Source Files</Filter>
    </ClCompile>
    <ClCompile Include="Content\Engine\Components\Component.cpp">
      <Filter>Source Files</Filter>
    </ClCompile>
    <ClCompile Include="Content\Engine\Components\CharacterComponent.cpp">
      <Filter>Source Files</Filter>
    </ClCompile>
    <ClCompile Include="Content\Engine\Components\Colliders\BoxComponent.cpp">
      <Filter>Source Files</Filter>
    </ClCompile>
    <ClCompile Include="Content\Engine\Components\Colliders\SphereComponent.cpp">
      <Filter>Source Files</Filter>
    </ClCompile>
    <ClCompile Include="Content\Engine\Components\Colliders\CylinderComponent.cpp">
      <Filter>Source Files</Filter>
    </ClCompile>
    <ClCompile Include="Content\Engine\Components\Colliders\CapsuleComponent.cpp">
      <Filter>Source Files</Filter>
    </ClCompile>
    <ClCompile Include="Content\Engine\Components\Colliders\PolygonComponent.cpp">
      <Filter>Source Files</Filter>
    </ClCompile>
    <ClCompile Include="Content\Engine\World\Objects\Puppet.cpp">
      <Filter>Source Files</Filter>
    </ClCompile>
    <ClCompile Include="Content\Engine\World\Objects\Character.cpp">
      <Filter>Source Files</Filter>
    </ClCompile>
    <ClCompile Include="Content\Engine\Graphics\Renderer.cpp">
      <Filter>Source Files</Filter>
    </ClCompile>
    <ClCompile Include="Content\Engine\Graphics\Meshes\StaticMesh.cpp">
      <Filter>Source Files</Filter>
    </ClCompile>
    <ClCompile Include="Content\Engine\Graphics\DirectXSetup.cpp">
      <Filter>Source Files</Filter>
    </ClCompile>
    <ClCompile Include="Content\Engine\Graphics\Window.cpp">
      <Filter>Source Files</Filter>
    </ClCompile>
    <ClCompile Include="Content\Engine\Graphics\Meshes\Primitives\Cube.cpp">
      <Filter>Source Files</Filter>
    </ClCompile>
    <ClCompile Include="Content\Engine\World\Objects\Testing\TestObject.cpp">
      <Filter>Source Files</Filter>
    </ClCompile>
    <ClCompile Include="Content\Engine\Graphics\Camera.cpp">
      <Filter>Source Files</Filter>
    </ClCompile>
    <ClCompile Include="Content\Engine\Core\Systems\InputManager.cpp">
      <Filter>Source Files</Filter>
    </ClCompile>
    <ClCompile Include="Content\Engine\World\Objects\Testing\TestPlayer.cpp">
      <Filter>Source Files</Filter>
    </ClCompile>
    <ClCompile Include="Content\Engine\Graphics\Lighting\DirectionalLight.cpp">
      <Filter>Source Files</Filter>
    </ClCompile>
    <ClCompile Include="Content\Engine\Graphics\Lighting\LightBase.cpp">
      <Filter>Source Files</Filter>
    </ClCompile>
    <ClCompile Include="Content\Engine\Core\Systems\FileManager.cpp">
      <Filter>Source Files</Filter>
    </ClCompile>
    <ClCompile Include="Content\Engine\Components\Graphics\Camera\CameraComponent.cpp">
      <Filter>Source Files</Filter>
    </ClCompile>
    <ClCompile Include="Content\Engine\Components\Graphics\Lighting\DirectionalLightComponent.cpp">
      <Filter>Source Files</Filter>
    </ClCompile>
    <ClCompile Include="Content\Engine\Components\Graphics\Meshes\StaticMeshComponent.cpp">
      <Filter>Source Files</Filter>
    </ClCompile>
  </ItemGroup>
  <ItemGroup>
    <FxCompile Include="Content\Assets\Shaders\Shaders.hlsl" />
    <FxCompile Include="TestShader.hlsl" />
  </ItemGroup>
</Project>